
Microsoft Visual Studio Solution File, Format Version 12.00
# Visual Studio Version 17
VisualStudioVersion = 17.0.32014.148
MinimumVisualStudioVersion = 10.0.40219.1
Project("{9A19103F-16F7-4668-BE54-9A1E7A4F7556}") = "AntlrJson", "src\AntlrJson\AntlrJson.csproj", "{3CFDC502-53C4-4112-A4F1-026B52EAF492}"
EndProject
Project("{9A19103F-16F7-4668-BE54-9A1E7A4F7556}") = "trxml2", "src\trxml2\trxml2.csproj", "{1E2EADF3-8846-441A-9D71-B329EE06BCC4}"
EndProject
Project("{9A19103F-16F7-4668-BE54-9A1E7A4F7556}") = "trgen", "src\trgen\trgen.csproj", "{B704AB40-2FBC-4808-A728-D8F614321112}"
EndProject
Project("{9A19103F-16F7-4668-BE54-9A1E7A4F7556}") = "trparse", "src\trparse\trparse.csproj", "{2BDE06C4-3A46-4DD0-A207-94DC28413D48}"
EndProject
Project("{9A19103F-16F7-4668-BE54-9A1E7A4F7556}") = "trtree", "src\trtree\trtree.csproj", "{8F4EB85A-DDDE-4EFD-A90D-40BAB5EE2110}"
EndProject
Project("{9A19103F-16F7-4668-BE54-9A1E7A4F7556}") = "trtext", "src\trtext\trtext.csproj", "{35315780-A2B9-46DC-A19F-8F479A52FA0F}"
EndProject
Project("{9A19103F-16F7-4668-BE54-9A1E7A4F7556}") = "trst", "src\trst\trst.csproj", "{215AA501-DF63-42D6-B5F3-964365B591B9}"
EndProject
Project("{9A19103F-16F7-4668-BE54-9A1E7A4F7556}") = "trxml", "src\trxml\trxml.csproj", "{24D91B9C-5107-4847-BA52-C46ED91B4222}"
EndProject
Project("{9A19103F-16F7-4668-BE54-9A1E7A4F7556}") = "trjson", "src\trjson\trjson.csproj", "{44488488-568F-4E0F-A721-BA0B9A15FF3F}"
EndProject
Project("{9A19103F-16F7-4668-BE54-9A1E7A4F7556}") = "trtokens", "src\trtokens\trtokens.csproj", "{DA50A003-3FEA-4155-85D0-E5AAFD1B1895}"
EndProject
Project("{9A19103F-16F7-4668-BE54-9A1E7A4F7556}") = "trkleene", "src\trkleene\trkleene.csproj", "{5257C48E-6465-4458-B3D6-E5E28FB50674}"
EndProject
Project("{9A19103F-16F7-4668-BE54-9A1E7A4F7556}") = "trfold", "src\trfold\trfold.csproj", "{5F6937C0-CEC8-4B29-8690-097FA6FB465A}"
EndProject
Project("{9A19103F-16F7-4668-BE54-9A1E7A4F7556}") = "trgroup", "src\trgroup\trgroup.csproj", "{E3A8943B-55F9-44BD-9162-B2F095FDCE99}"
EndProject
Project("{9A19103F-16F7-4668-BE54-9A1E7A4F7556}") = "trunfold", "src\trunfold\trunfold.csproj", "{4F4EB251-2A3D-423B-A62C-979D5E0255D0}"
EndProject
Project("{9A19103F-16F7-4668-BE54-9A1E7A4F7556}") = "trungroup", "src\trungroup\trungroup.csproj", "{FC9E166F-20C6-4A38-A605-2ED85C33D894}"
EndProject
Project("{9A19103F-16F7-4668-BE54-9A1E7A4F7556}") = "trfoldlit", "src\trfoldlit\trfoldlit.csproj", "{2A9DA02F-24D1-406D-9BB7-F03B5A209A3E}"
EndProject
Project("{9A19103F-16F7-4668-BE54-9A1E7A4F7556}") = "trrename", "src\trrename\trrename.csproj", "{662B1475-ED9E-47F2-913A-06D117700FA7}"
EndProject
Project("{9A19103F-16F7-4668-BE54-9A1E7A4F7556}") = "trconvert", "src\trconvert\trconvert.csproj", "{0FB7A65D-868B-4625-BD57-90CE5FE7A99C}"
EndProject
Project("{9A19103F-16F7-4668-BE54-9A1E7A4F7556}") = "tranalyze", "src\tranalyze\tranalyze.csproj", "{D1E35A3B-E470-403F-A4A2-45D8DC5C7F0A}"
EndProject
Project("{9A19103F-16F7-4668-BE54-9A1E7A4F7556}") = "trwdog", "src\trwdog\trwdog.csproj", "{9F4751DB-BF6A-4124-BFC1-8CB5602DAEDB}"
EndProject
Project("{2150E333-8FDC-42A3-9474-1A3956D46DE8}") = "Solution Items", "Solution Items", "{A189346E-045A-41EE-8F02-02AD1A8F26B8}"
	ProjectSection(SolutionItems) = preProject
		.editorconfig = .editorconfig
		readme.md = readme.md
	EndProjectSection
EndProject
Project("{9A19103F-16F7-4668-BE54-9A1E7A4F7556}") = "trcombine", "src\trcombine\trcombine.csproj", "{71FA41D9-6BE1-4498-B2FF-C1562AC648B7}"
EndProject
Project("{9A19103F-16F7-4668-BE54-9A1E7A4F7556}") = "trsplit", "src\trsplit\trsplit.csproj", "{9E19B447-23BD-48B7-9C46-8314E150F4E5}"
EndProject
Project("{9A19103F-16F7-4668-BE54-9A1E7A4F7556}") = "trsponge", "src\trsponge\trsponge.csproj", "{CFBBEC3B-1EEB-42CA-A231-8971CBCB93BB}"
EndProject
Project("{9A19103F-16F7-4668-BE54-9A1E7A4F7556}") = "trthompson", "src\trthompson\trthompson.csproj", "{7664FAF4-2D70-4ECE-83A2-D07EA38C5510}"
EndProject
Project("{9A19103F-16F7-4668-BE54-9A1E7A4F7556}") = "trdot", "src\trdot\trdot.csproj", "{0A48EF88-0FB7-4ACC-AC18-CD9A508EAF9D}"
EndProject
Project("{9A19103F-16F7-4668-BE54-9A1E7A4F7556}") = "driver", "src\web\driver\driver.csproj", "{ADA6CCAB-4E47-45DB-87D1-CB823D6D4E35}"
EndProject
Project("{9A19103F-16F7-4668-BE54-9A1E7A4F7556}") = "wrap", "src\web\wrap\wrap.csproj", "{EC549FC6-9D4D-4979-BF49-9FF0B2E1D2FB}"
EndProject
Project("{2150E333-8FDC-42A3-9474-1A3956D46DE8}") = "web", "web", "{5C34D5B1-04A2-4ADC-B033-AF606E71C9DC}"
EndProject
Project("{9A19103F-16F7-4668-BE54-9A1E7A4F7556}") = "tragl", "src\tragl\tragl.csproj", "{14AA0E29-AFB2-4AD1-A9C9-6FA410416FBF}"
EndProject
Project("{9A19103F-16F7-4668-BE54-9A1E7A4F7556}") = "trrup", "src\trrup\trrup.csproj", "{19213CC7-FE3B-4A8B-A2DF-1180E5FF7C12}"
EndProject
Project("{9A19103F-16F7-4668-BE54-9A1E7A4F7556}") = "trformat", "src\trformat\trformat.csproj", "{648F598E-6560-438D-A67B-B3775699A085}"
EndProject
Project("{9A19103F-16F7-4668-BE54-9A1E7A4F7556}") = "trrr", "src\trrr\trrr.csproj", "{87DDFEAD-0E27-4144-9C6E-49F2792C6E4A}"
EndProject
Project("{9A19103F-16F7-4668-BE54-9A1E7A4F7556}") = "trsem", "src\trsem\trsem.csproj", "{22C7B6FE-A350-4942-9553-59D2A8180A28}"
EndProject
Project("{9A19103F-16F7-4668-BE54-9A1E7A4F7556}") = "trull", "src\trull\trull.csproj", "{8A875F76-D1CF-4F31-BF8B-E483507538D0}"
EndProject
Project("{9A19103F-16F7-4668-BE54-9A1E7A4F7556}") = "tritext", "src\tritext\tritext.csproj", "{442F9D45-76FD-4334-B92D-24FB9D8C37C6}"
EndProject
Project("{9A19103F-16F7-4668-BE54-9A1E7A4F7556}") = "TrashGlobbing", "src\Globbing\TrashGlobbing.csproj", "{06A45399-B20D-4E45-AC49-2006689550F0}"
EndProject
Project("{9A19103F-16F7-4668-BE54-9A1E7A4F7556}") = "trsort", "src\trsort\trsort.csproj", "{03BFD2A2-C631-452E-BD2F-DC631533DFFE}"
EndProject
Project("{9A19103F-16F7-4668-BE54-9A1E7A4F7556}") = "trperf", "src\trperf\trperf.csproj", "{DA945D78-D218-4A86-9A5E-DFBCC1B5C596}"
EndProject
Project("{9A19103F-16F7-4668-BE54-9A1E7A4F7556}") = "trpiggy", "src\trpiggy\trpiggy.csproj", "{51B934F4-3E3A-4C14-8C3F-B6265AC66772}"
EndProject
Project("{9A19103F-16F7-4668-BE54-9A1E7A4F7556}") = "Algorithms", "src\Algorithms\Algorithms.csproj", "{A231C02C-2985-4417-A568-97D817AB2F9C}"
EndProject
Project("{9A19103F-16F7-4668-BE54-9A1E7A4F7556}") = "ParseTreeEditing", "src\ParseTreeEditing\ParseTreeEditing.csproj", "{08B1EDE6-1960-408A-97A5-628937F75A22}"
EndProject
Project("{9A19103F-16F7-4668-BE54-9A1E7A4F7556}") = "Logger", "src\Logger\Logger.csproj", "{C833A0C6-5184-4BB4-92A3-51125C2F2928}"
EndProject
Project("{9A19103F-16F7-4668-BE54-9A1E7A4F7556}") = "NWayDiff", "src\NWayDiff\NWayDiff.csproj", "{4692A6CE-B371-4DF9-A59D-7AAE5FBD17E5}"
EndProject
Project("{9A19103F-16F7-4668-BE54-9A1E7A4F7556}") = "Options", "src\Options\Options.csproj", "{36A849B8-7D7E-45A6-990C-1A8809EECE84}"
EndProject
Project("{9A19103F-16F7-4668-BE54-9A1E7A4F7556}") = "Workspaces", "src\Workspaces\Workspaces.csproj", "{248B9C0A-4B9B-437E-9BDA-8EF3E7D7218A}"
EndProject
Project("{9A19103F-16F7-4668-BE54-9A1E7A4F7556}") = "trfirst", "src\trfirst\trfirst.csproj", "{0C9D25DA-15A3-4313-966A-78B2537680D4}"
EndProject
Project("{9A19103F-16F7-4668-BE54-9A1E7A4F7556}") = "TestProject1", "_tests\TestProject1\TestProject1.csproj", "{D65FCED2-B935-4D52-894E-D5FC30D74DCF}"
EndProject
Project("{9A19103F-16F7-4668-BE54-9A1E7A4F7556}") = "pegen", "src\grammars\pegen\Generated-CSharp\pegen.csproj", "{A2E24A2A-E5DA-4F15-ACB0-BE9D7139E6A5}"
EndProject
Project("{2150E333-8FDC-42A3-9474-1A3956D46DE8}") = "grammars", "grammars", "{44E99C4B-9C50-423F-9953-3D314606ED7D}"
EndProject
Project("{9A19103F-16F7-4668-BE54-9A1E7A4F7556}") = "triconv", "src\triconv\triconv.csproj", "{1A999C2F-36DD-43FD-8B8D-940531872D96}"
EndProject
Project("{9A19103F-16F7-4668-BE54-9A1E7A4F7556}") = "xtext", "src\grammars\xtext\Generated-CSharp\xtext.csproj", "{249DE1E5-2E41-4110-AB5D-A9D1F6594B8E}"
EndProject
Project("{9A19103F-16F7-4668-BE54-9A1E7A4F7556}") = "w3cebnf", "src\grammars\w3cebnf\Generated-CSharp\w3cebnf.csproj", "{03C9DED7-1421-47DB-BB95-9B0167F03DB5}"
EndProject
Project("{9A19103F-16F7-4668-BE54-9A1E7A4F7556}") = "sjmachines", "src\grammars\sjmachines\Generated-CSharp\sjmachines.csproj", "{A888E157-32BC-4B4A-AA74-9268F1D00C6E}"
EndProject
Project("{9A19103F-16F7-4668-BE54-9A1E7A4F7556}") = "rex", "src\grammars\rex\Generated-CSharp\rex.csproj", "{7E57DADF-3B82-401D-B640-9D90AEDE3BDC}"
EndProject
Project("{9A19103F-16F7-4668-BE54-9A1E7A4F7556}") = "princeton", "src\grammars\princeton\Generated-CSharp\princeton.csproj", "{421295F4-BABF-48AC-A7FA-0D74A43B1DA6}"
EndProject
Project("{9A19103F-16F7-4668-BE54-9A1E7A4F7556}") = "pest", "src\grammars\pest\Generated-CSharp\pest.csproj", "{60AD4408-87C3-4DEB-A61D-0F3B3C3D40B8}"
EndProject
Project("{9A19103F-16F7-4668-BE54-9A1E7A4F7556}") = "lbnf", "src\grammars\lbnf\Generated-CSharp\lbnf.csproj", "{287A303B-7C78-4744-BE3E-DCABFF591752}"
EndProject
Project("{9A19103F-16F7-4668-BE54-9A1E7A4F7556}") = "lark", "src\grammars\lark\Generated-CSharp\lark.csproj", "{ED56F0E6-9A34-4E19-8CB0-58D4F2FFADBF}"
EndProject
Project("{9A19103F-16F7-4668-BE54-9A1E7A4F7556}") = "javacc", "src\grammars\javacc\Generated-CSharp\javacc.csproj", "{0CF321ED-97EF-4D94-9C38-8B61F2BC2836}"
EndProject
Project("{9A19103F-16F7-4668-BE54-9A1E7A4F7556}") = "grammophone", "src\grammars\grammophone\Generated-CSharp\grammophone.csproj", "{C90618FA-8932-4816-B172-EA354149615F}"
EndProject
Project("{9A19103F-16F7-4668-BE54-9A1E7A4F7556}") = "bison", "src\grammars\bison\Generated-CSharp\bison.csproj", "{E73EEB5B-B92F-4B54-B50E-C6FF87E6B8ED}"
EndProject
Project("{9A19103F-16F7-4668-BE54-9A1E7A4F7556}") = "antlr4", "src\grammars\antlr4\Generated-CSharp\antlr4.csproj", "{10E16031-A17A-463D-AE5E-E11B50756821}"
EndProject
Project("{9A19103F-16F7-4668-BE54-9A1E7A4F7556}") = "antlr3", "src\grammars\antlr3\Generated-CSharp\antlr3.csproj", "{1E125B38-9FEC-4EFA-9CD6-C007F8579E0F}"
EndProject
Project("{9A19103F-16F7-4668-BE54-9A1E7A4F7556}") = "antlr2", "src\grammars\antlr2\Generated-CSharp\antlr2.csproj", "{99AECAEE-B59A-450E-8165-5F5710228AFD}"
EndProject
Project("{9A19103F-16F7-4668-BE54-9A1E7A4F7556}") = "abnf", "src\grammars\abnf\Generated-CSharp\abnf.csproj", "{8F7BE540-DCC5-4339-BD46-6A1CCF7B35DC}"
EndProject
Project("{9A19103F-16F7-4668-BE54-9A1E7A4F7556}") = "trcover", "src\trcover\trcover.csproj", "{EB7193A1-D970-48B8-BEEC-E48A58DF4A88}"
EndProject
Project("{9A19103F-16F7-4668-BE54-9A1E7A4F7556}") = "trcaret", "src\trcaret\trcaret.csproj", "{3325A532-9EFE-44D9-A814-E50BEC805135}"
EndProject
Project("{9A19103F-16F7-4668-BE54-9A1E7A4F7556}") = "trquery", "src\trquery\trquery.csproj", "{E7AF9D4A-AE01-4DC2-8194-DD323DF99206}"
EndProject
Project("{9A19103F-16F7-4668-BE54-9A1E7A4F7556}") = "trglob", "src\trglob\trglob.csproj", "{4A7CB9F5-817C-4B87-A7B9-D1CDBA278306}"
EndProject
Project("{9A19103F-16F7-4668-BE54-9A1E7A4F7556}") = "trgenvsc", "src\trgenvsc\trgenvsc.csproj", "{46E6DEC9-E0B7-4951-AA7B-AE5FF0758400}"
EndProject
Global
	GlobalSection(SolutionConfigurationPlatforms) = preSolution
		Debug|Any CPU = Debug|Any CPU
		Release|Any CPU = Release|Any CPU
	EndGlobalSection
	GlobalSection(ProjectConfigurationPlatforms) = postSolution
		{3CFDC502-53C4-4112-A4F1-026B52EAF492}.Debug|Any CPU.ActiveCfg = Debug|Any CPU
		{3CFDC502-53C4-4112-A4F1-026B52EAF492}.Debug|Any CPU.Build.0 = Debug|Any CPU
		{3CFDC502-53C4-4112-A4F1-026B52EAF492}.Release|Any CPU.ActiveCfg = Release|Any CPU
		{3CFDC502-53C4-4112-A4F1-026B52EAF492}.Release|Any CPU.Build.0 = Release|Any CPU
		{1E2EADF3-8846-441A-9D71-B329EE06BCC4}.Debug|Any CPU.ActiveCfg = Debug|Any CPU
		{1E2EADF3-8846-441A-9D71-B329EE06BCC4}.Debug|Any CPU.Build.0 = Debug|Any CPU
		{1E2EADF3-8846-441A-9D71-B329EE06BCC4}.Release|Any CPU.ActiveCfg = Release|Any CPU
		{1E2EADF3-8846-441A-9D71-B329EE06BCC4}.Release|Any CPU.Build.0 = Release|Any CPU
		{B704AB40-2FBC-4808-A728-D8F614321112}.Debug|Any CPU.ActiveCfg = Debug|Any CPU
		{B704AB40-2FBC-4808-A728-D8F614321112}.Debug|Any CPU.Build.0 = Debug|Any CPU
		{B704AB40-2FBC-4808-A728-D8F614321112}.Release|Any CPU.ActiveCfg = Release|Any CPU
		{B704AB40-2FBC-4808-A728-D8F614321112}.Release|Any CPU.Build.0 = Release|Any CPU
		{2BDE06C4-3A46-4DD0-A207-94DC28413D48}.Debug|Any CPU.ActiveCfg = Debug|Any CPU
		{2BDE06C4-3A46-4DD0-A207-94DC28413D48}.Debug|Any CPU.Build.0 = Debug|Any CPU
		{2BDE06C4-3A46-4DD0-A207-94DC28413D48}.Release|Any CPU.ActiveCfg = Release|Any CPU
		{2BDE06C4-3A46-4DD0-A207-94DC28413D48}.Release|Any CPU.Build.0 = Release|Any CPU
		{8F4EB85A-DDDE-4EFD-A90D-40BAB5EE2110}.Debug|Any CPU.ActiveCfg = Debug|Any CPU
		{8F4EB85A-DDDE-4EFD-A90D-40BAB5EE2110}.Debug|Any CPU.Build.0 = Debug|Any CPU
		{8F4EB85A-DDDE-4EFD-A90D-40BAB5EE2110}.Release|Any CPU.ActiveCfg = Release|Any CPU
		{8F4EB85A-DDDE-4EFD-A90D-40BAB5EE2110}.Release|Any CPU.Build.0 = Release|Any CPU
		{35315780-A2B9-46DC-A19F-8F479A52FA0F}.Debug|Any CPU.ActiveCfg = Debug|Any CPU
		{35315780-A2B9-46DC-A19F-8F479A52FA0F}.Debug|Any CPU.Build.0 = Debug|Any CPU
		{35315780-A2B9-46DC-A19F-8F479A52FA0F}.Release|Any CPU.ActiveCfg = Release|Any CPU
		{35315780-A2B9-46DC-A19F-8F479A52FA0F}.Release|Any CPU.Build.0 = Release|Any CPU
		{215AA501-DF63-42D6-B5F3-964365B591B9}.Debug|Any CPU.ActiveCfg = Debug|Any CPU
		{215AA501-DF63-42D6-B5F3-964365B591B9}.Release|Any CPU.ActiveCfg = Release|Any CPU
		{24D91B9C-5107-4847-BA52-C46ED91B4222}.Debug|Any CPU.ActiveCfg = Debug|Any CPU
		{24D91B9C-5107-4847-BA52-C46ED91B4222}.Debug|Any CPU.Build.0 = Debug|Any CPU
		{24D91B9C-5107-4847-BA52-C46ED91B4222}.Release|Any CPU.ActiveCfg = Release|Any CPU
		{24D91B9C-5107-4847-BA52-C46ED91B4222}.Release|Any CPU.Build.0 = Release|Any CPU
		{44488488-568F-4E0F-A721-BA0B9A15FF3F}.Debug|Any CPU.ActiveCfg = Debug|Any CPU
		{44488488-568F-4E0F-A721-BA0B9A15FF3F}.Debug|Any CPU.Build.0 = Debug|Any CPU
		{44488488-568F-4E0F-A721-BA0B9A15FF3F}.Release|Any CPU.ActiveCfg = Release|Any CPU
		{44488488-568F-4E0F-A721-BA0B9A15FF3F}.Release|Any CPU.Build.0 = Release|Any CPU
		{DA50A003-3FEA-4155-85D0-E5AAFD1B1895}.Debug|Any CPU.ActiveCfg = Debug|Any CPU
		{DA50A003-3FEA-4155-85D0-E5AAFD1B1895}.Debug|Any CPU.Build.0 = Debug|Any CPU
		{DA50A003-3FEA-4155-85D0-E5AAFD1B1895}.Release|Any CPU.ActiveCfg = Release|Any CPU
		{DA50A003-3FEA-4155-85D0-E5AAFD1B1895}.Release|Any CPU.Build.0 = Release|Any CPU
		{5257C48E-6465-4458-B3D6-E5E28FB50674}.Debug|Any CPU.ActiveCfg = Debug|Any CPU
		{5257C48E-6465-4458-B3D6-E5E28FB50674}.Release|Any CPU.ActiveCfg = Release|Any CPU
		{5F6937C0-CEC8-4B29-8690-097FA6FB465A}.Debug|Any CPU.ActiveCfg = Debug|Any CPU
		{5F6937C0-CEC8-4B29-8690-097FA6FB465A}.Release|Any CPU.ActiveCfg = Release|Any CPU
		{E3A8943B-55F9-44BD-9162-B2F095FDCE99}.Debug|Any CPU.ActiveCfg = Debug|Any CPU
		{E3A8943B-55F9-44BD-9162-B2F095FDCE99}.Release|Any CPU.ActiveCfg = Release|Any CPU
		{4F4EB251-2A3D-423B-A62C-979D5E0255D0}.Debug|Any CPU.ActiveCfg = Debug|Any CPU
		{4F4EB251-2A3D-423B-A62C-979D5E0255D0}.Debug|Any CPU.Build.0 = Debug|Any CPU
		{4F4EB251-2A3D-423B-A62C-979D5E0255D0}.Release|Any CPU.ActiveCfg = Release|Any CPU
		{4F4EB251-2A3D-423B-A62C-979D5E0255D0}.Release|Any CPU.Build.0 = Release|Any CPU
		{FC9E166F-20C6-4A38-A605-2ED85C33D894}.Debug|Any CPU.ActiveCfg = Debug|Any CPU
		{FC9E166F-20C6-4A38-A605-2ED85C33D894}.Debug|Any CPU.Build.0 = Debug|Any CPU
		{FC9E166F-20C6-4A38-A605-2ED85C33D894}.Release|Any CPU.ActiveCfg = Release|Any CPU
		{FC9E166F-20C6-4A38-A605-2ED85C33D894}.Release|Any CPU.Build.0 = Release|Any CPU
		{2A9DA02F-24D1-406D-9BB7-F03B5A209A3E}.Debug|Any CPU.ActiveCfg = Debug|Any CPU
		{2A9DA02F-24D1-406D-9BB7-F03B5A209A3E}.Debug|Any CPU.Build.0 = Debug|Any CPU
		{2A9DA02F-24D1-406D-9BB7-F03B5A209A3E}.Release|Any CPU.ActiveCfg = Release|Any CPU
		{2A9DA02F-24D1-406D-9BB7-F03B5A209A3E}.Release|Any CPU.Build.0 = Release|Any CPU
		{662B1475-ED9E-47F2-913A-06D117700FA7}.Debug|Any CPU.ActiveCfg = Debug|Any CPU
		{662B1475-ED9E-47F2-913A-06D117700FA7}.Debug|Any CPU.Build.0 = Debug|Any CPU
		{662B1475-ED9E-47F2-913A-06D117700FA7}.Release|Any CPU.ActiveCfg = Release|Any CPU
		{662B1475-ED9E-47F2-913A-06D117700FA7}.Release|Any CPU.Build.0 = Release|Any CPU
		{0FB7A65D-868B-4625-BD57-90CE5FE7A99C}.Debug|Any CPU.ActiveCfg = Debug|Any CPU
		{0FB7A65D-868B-4625-BD57-90CE5FE7A99C}.Debug|Any CPU.Build.0 = Debug|Any CPU
		{0FB7A65D-868B-4625-BD57-90CE5FE7A99C}.Release|Any CPU.ActiveCfg = Release|Any CPU
		{0FB7A65D-868B-4625-BD57-90CE5FE7A99C}.Release|Any CPU.Build.0 = Release|Any CPU
		{D1E35A3B-E470-403F-A4A2-45D8DC5C7F0A}.Debug|Any CPU.ActiveCfg = Debug|Any CPU
		{D1E35A3B-E470-403F-A4A2-45D8DC5C7F0A}.Release|Any CPU.ActiveCfg = Release|Any CPU
		{9F4751DB-BF6A-4124-BFC1-8CB5602DAEDB}.Debug|Any CPU.ActiveCfg = Debug|Any CPU
		{9F4751DB-BF6A-4124-BFC1-8CB5602DAEDB}.Debug|Any CPU.Build.0 = Debug|Any CPU
		{9F4751DB-BF6A-4124-BFC1-8CB5602DAEDB}.Release|Any CPU.ActiveCfg = Release|Any CPU
		{9F4751DB-BF6A-4124-BFC1-8CB5602DAEDB}.Release|Any CPU.Build.0 = Release|Any CPU
		{71FA41D9-6BE1-4498-B2FF-C1562AC648B7}.Debug|Any CPU.ActiveCfg = Debug|Any CPU
		{71FA41D9-6BE1-4498-B2FF-C1562AC648B7}.Debug|Any CPU.Build.0 = Debug|Any CPU
		{71FA41D9-6BE1-4498-B2FF-C1562AC648B7}.Release|Any CPU.ActiveCfg = Release|Any CPU
		{71FA41D9-6BE1-4498-B2FF-C1562AC648B7}.Release|Any CPU.Build.0 = Release|Any CPU
		{9E19B447-23BD-48B7-9C46-8314E150F4E5}.Debug|Any CPU.ActiveCfg = Debug|Any CPU
		{9E19B447-23BD-48B7-9C46-8314E150F4E5}.Debug|Any CPU.Build.0 = Debug|Any CPU
		{9E19B447-23BD-48B7-9C46-8314E150F4E5}.Release|Any CPU.ActiveCfg = Release|Any CPU
		{9E19B447-23BD-48B7-9C46-8314E150F4E5}.Release|Any CPU.Build.0 = Release|Any CPU
		{CFBBEC3B-1EEB-42CA-A231-8971CBCB93BB}.Debug|Any CPU.ActiveCfg = Debug|Any CPU
		{CFBBEC3B-1EEB-42CA-A231-8971CBCB93BB}.Debug|Any CPU.Build.0 = Debug|Any CPU
		{CFBBEC3B-1EEB-42CA-A231-8971CBCB93BB}.Release|Any CPU.ActiveCfg = Release|Any CPU
		{CFBBEC3B-1EEB-42CA-A231-8971CBCB93BB}.Release|Any CPU.Build.0 = Release|Any CPU
		{7664FAF4-2D70-4ECE-83A2-D07EA38C5510}.Debug|Any CPU.ActiveCfg = Debug|Any CPU
		{7664FAF4-2D70-4ECE-83A2-D07EA38C5510}.Release|Any CPU.ActiveCfg = Release|Any CPU
		{0A48EF88-0FB7-4ACC-AC18-CD9A508EAF9D}.Debug|Any CPU.ActiveCfg = Debug|Any CPU
		{0A48EF88-0FB7-4ACC-AC18-CD9A508EAF9D}.Debug|Any CPU.Build.0 = Debug|Any CPU
		{0A48EF88-0FB7-4ACC-AC18-CD9A508EAF9D}.Release|Any CPU.ActiveCfg = Release|Any CPU
		{0A48EF88-0FB7-4ACC-AC18-CD9A508EAF9D}.Release|Any CPU.Build.0 = Release|Any CPU
		{ADA6CCAB-4E47-45DB-87D1-CB823D6D4E35}.Debug|Any CPU.ActiveCfg = Debug|Any CPU
		{ADA6CCAB-4E47-45DB-87D1-CB823D6D4E35}.Release|Any CPU.ActiveCfg = Release|Any CPU
		{EC549FC6-9D4D-4979-BF49-9FF0B2E1D2FB}.Debug|Any CPU.ActiveCfg = Debug|Any CPU
		{EC549FC6-9D4D-4979-BF49-9FF0B2E1D2FB}.Release|Any CPU.ActiveCfg = Release|Any CPU
		{14AA0E29-AFB2-4AD1-A9C9-6FA410416FBF}.Debug|Any CPU.ActiveCfg = Debug|Any CPU
		{14AA0E29-AFB2-4AD1-A9C9-6FA410416FBF}.Debug|Any CPU.Build.0 = Debug|Any CPU
		{14AA0E29-AFB2-4AD1-A9C9-6FA410416FBF}.Release|Any CPU.ActiveCfg = Release|Any CPU
		{14AA0E29-AFB2-4AD1-A9C9-6FA410416FBF}.Release|Any CPU.Build.0 = Release|Any CPU
		{19213CC7-FE3B-4A8B-A2DF-1180E5FF7C12}.Debug|Any CPU.ActiveCfg = Debug|Any CPU
		{19213CC7-FE3B-4A8B-A2DF-1180E5FF7C12}.Release|Any CPU.ActiveCfg = Release|Any CPU
		{648F598E-6560-438D-A67B-B3775699A085}.Debug|Any CPU.ActiveCfg = Debug|Any CPU
		{648F598E-6560-438D-A67B-B3775699A085}.Release|Any CPU.ActiveCfg = Release|Any CPU
		{87DDFEAD-0E27-4144-9C6E-49F2792C6E4A}.Debug|Any CPU.ActiveCfg = Debug|Any CPU
		{87DDFEAD-0E27-4144-9C6E-49F2792C6E4A}.Release|Any CPU.ActiveCfg = Release|Any CPU
		{22C7B6FE-A350-4942-9553-59D2A8180A28}.Debug|Any CPU.ActiveCfg = Debug|Any CPU
		{22C7B6FE-A350-4942-9553-59D2A8180A28}.Release|Any CPU.ActiveCfg = Release|Any CPU
		{8A875F76-D1CF-4F31-BF8B-E483507538D0}.Debug|Any CPU.ActiveCfg = Debug|Any CPU
		{8A875F76-D1CF-4F31-BF8B-E483507538D0}.Release|Any CPU.ActiveCfg = Release|Any CPU
		{442F9D45-76FD-4334-B92D-24FB9D8C37C6}.Debug|Any CPU.ActiveCfg = Debug|Any CPU
		{442F9D45-76FD-4334-B92D-24FB9D8C37C6}.Debug|Any CPU.Build.0 = Debug|Any CPU
		{442F9D45-76FD-4334-B92D-24FB9D8C37C6}.Release|Any CPU.ActiveCfg = Release|Any CPU
		{442F9D45-76FD-4334-B92D-24FB9D8C37C6}.Release|Any CPU.Build.0 = Release|Any CPU
		{06A45399-B20D-4E45-AC49-2006689550F0}.Debug|Any CPU.ActiveCfg = Debug|Any CPU
		{06A45399-B20D-4E45-AC49-2006689550F0}.Debug|Any CPU.Build.0 = Debug|Any CPU
		{06A45399-B20D-4E45-AC49-2006689550F0}.Release|Any CPU.ActiveCfg = Release|Any CPU
		{06A45399-B20D-4E45-AC49-2006689550F0}.Release|Any CPU.Build.0 = Release|Any CPU
		{03BFD2A2-C631-452E-BD2F-DC631533DFFE}.Debug|Any CPU.ActiveCfg = Debug|Any CPU
		{03BFD2A2-C631-452E-BD2F-DC631533DFFE}.Debug|Any CPU.Build.0 = Debug|Any CPU
		{03BFD2A2-C631-452E-BD2F-DC631533DFFE}.Release|Any CPU.ActiveCfg = Release|Any CPU
		{03BFD2A2-C631-452E-BD2F-DC631533DFFE}.Release|Any CPU.Build.0 = Release|Any CPU
		{DA945D78-D218-4A86-9A5E-DFBCC1B5C596}.Debug|Any CPU.ActiveCfg = Debug|Any CPU
		{DA945D78-D218-4A86-9A5E-DFBCC1B5C596}.Debug|Any CPU.Build.0 = Debug|Any CPU
		{DA945D78-D218-4A86-9A5E-DFBCC1B5C596}.Release|Any CPU.ActiveCfg = Release|Any CPU
		{DA945D78-D218-4A86-9A5E-DFBCC1B5C596}.Release|Any CPU.Build.0 = Release|Any CPU
		{51B934F4-3E3A-4C14-8C3F-B6265AC66772}.Debug|Any CPU.ActiveCfg = Debug|Any CPU
		{51B934F4-3E3A-4C14-8C3F-B6265AC66772}.Release|Any CPU.ActiveCfg = Release|Any CPU
		{A231C02C-2985-4417-A568-97D817AB2F9C}.Debug|Any CPU.ActiveCfg = Debug|Any CPU
		{A231C02C-2985-4417-A568-97D817AB2F9C}.Debug|Any CPU.Build.0 = Debug|Any CPU
		{A231C02C-2985-4417-A568-97D817AB2F9C}.Release|Any CPU.ActiveCfg = Release|Any CPU
		{A231C02C-2985-4417-A568-97D817AB2F9C}.Release|Any CPU.Build.0 = Release|Any CPU
		{08B1EDE6-1960-408A-97A5-628937F75A22}.Debug|Any CPU.ActiveCfg = Debug|Any CPU
		{08B1EDE6-1960-408A-97A5-628937F75A22}.Debug|Any CPU.Build.0 = Debug|Any CPU
		{08B1EDE6-1960-408A-97A5-628937F75A22}.Release|Any CPU.ActiveCfg = Release|Any CPU
		{08B1EDE6-1960-408A-97A5-628937F75A22}.Release|Any CPU.Build.0 = Release|Any CPU
		{C833A0C6-5184-4BB4-92A3-51125C2F2928}.Debug|Any CPU.ActiveCfg = Debug|Any CPU
		{C833A0C6-5184-4BB4-92A3-51125C2F2928}.Debug|Any CPU.Build.0 = Debug|Any CPU
		{C833A0C6-5184-4BB4-92A3-51125C2F2928}.Release|Any CPU.ActiveCfg = Release|Any CPU
		{C833A0C6-5184-4BB4-92A3-51125C2F2928}.Release|Any CPU.Build.0 = Release|Any CPU
		{4692A6CE-B371-4DF9-A59D-7AAE5FBD17E5}.Debug|Any CPU.ActiveCfg = Debug|Any CPU
		{4692A6CE-B371-4DF9-A59D-7AAE5FBD17E5}.Release|Any CPU.ActiveCfg = Release|Any CPU
		{36A849B8-7D7E-45A6-990C-1A8809EECE84}.Debug|Any CPU.ActiveCfg = Debug|Any CPU
		{36A849B8-7D7E-45A6-990C-1A8809EECE84}.Debug|Any CPU.Build.0 = Debug|Any CPU
		{36A849B8-7D7E-45A6-990C-1A8809EECE84}.Release|Any CPU.ActiveCfg = Release|Any CPU
		{36A849B8-7D7E-45A6-990C-1A8809EECE84}.Release|Any CPU.Build.0 = Release|Any CPU
		{248B9C0A-4B9B-437E-9BDA-8EF3E7D7218A}.Debug|Any CPU.ActiveCfg = Debug|Any CPU
		{248B9C0A-4B9B-437E-9BDA-8EF3E7D7218A}.Debug|Any CPU.Build.0 = Debug|Any CPU
		{248B9C0A-4B9B-437E-9BDA-8EF3E7D7218A}.Release|Any CPU.ActiveCfg = Release|Any CPU
		{248B9C0A-4B9B-437E-9BDA-8EF3E7D7218A}.Release|Any CPU.Build.0 = Release|Any CPU
		{0C9D25DA-15A3-4313-966A-78B2537680D4}.Debug|Any CPU.ActiveCfg = Debug|Any CPU
		{0C9D25DA-15A3-4313-966A-78B2537680D4}.Release|Any CPU.ActiveCfg = Release|Any CPU
		{D65FCED2-B935-4D52-894E-D5FC30D74DCF}.Debug|Any CPU.ActiveCfg = Debug|Any CPU
		{D65FCED2-B935-4D52-894E-D5FC30D74DCF}.Release|Any CPU.ActiveCfg = Release|Any CPU
		{A2E24A2A-E5DA-4F15-ACB0-BE9D7139E6A5}.Debug|Any CPU.ActiveCfg = Debug|Any CPU
		{A2E24A2A-E5DA-4F15-ACB0-BE9D7139E6A5}.Debug|Any CPU.Build.0 = Debug|Any CPU
		{A2E24A2A-E5DA-4F15-ACB0-BE9D7139E6A5}.Release|Any CPU.ActiveCfg = Release|Any CPU
		{A2E24A2A-E5DA-4F15-ACB0-BE9D7139E6A5}.Release|Any CPU.Build.0 = Release|Any CPU
		{1A999C2F-36DD-43FD-8B8D-940531872D96}.Debug|Any CPU.ActiveCfg = Debug|Any CPU
		{1A999C2F-36DD-43FD-8B8D-940531872D96}.Debug|Any CPU.Build.0 = Debug|Any CPU
		{1A999C2F-36DD-43FD-8B8D-940531872D96}.Release|Any CPU.ActiveCfg = Release|Any CPU
		{1A999C2F-36DD-43FD-8B8D-940531872D96}.Release|Any CPU.Build.0 = Release|Any CPU
		{249DE1E5-2E41-4110-AB5D-A9D1F6594B8E}.Debug|Any CPU.ActiveCfg = Debug|Any CPU
		{249DE1E5-2E41-4110-AB5D-A9D1F6594B8E}.Debug|Any CPU.Build.0 = Debug|Any CPU
		{249DE1E5-2E41-4110-AB5D-A9D1F6594B8E}.Release|Any CPU.ActiveCfg = Release|Any CPU
		{249DE1E5-2E41-4110-AB5D-A9D1F6594B8E}.Release|Any CPU.Build.0 = Release|Any CPU
		{03C9DED7-1421-47DB-BB95-9B0167F03DB5}.Debug|Any CPU.ActiveCfg = Debug|Any CPU
		{03C9DED7-1421-47DB-BB95-9B0167F03DB5}.Debug|Any CPU.Build.0 = Debug|Any CPU
		{03C9DED7-1421-47DB-BB95-9B0167F03DB5}.Release|Any CPU.ActiveCfg = Release|Any CPU
		{03C9DED7-1421-47DB-BB95-9B0167F03DB5}.Release|Any CPU.Build.0 = Release|Any CPU
		{A888E157-32BC-4B4A-AA74-9268F1D00C6E}.Debug|Any CPU.ActiveCfg = Debug|Any CPU
		{A888E157-32BC-4B4A-AA74-9268F1D00C6E}.Debug|Any CPU.Build.0 = Debug|Any CPU
		{A888E157-32BC-4B4A-AA74-9268F1D00C6E}.Release|Any CPU.ActiveCfg = Release|Any CPU
		{A888E157-32BC-4B4A-AA74-9268F1D00C6E}.Release|Any CPU.Build.0 = Release|Any CPU
		{7E57DADF-3B82-401D-B640-9D90AEDE3BDC}.Debug|Any CPU.ActiveCfg = Debug|Any CPU
		{7E57DADF-3B82-401D-B640-9D90AEDE3BDC}.Debug|Any CPU.Build.0 = Debug|Any CPU
		{7E57DADF-3B82-401D-B640-9D90AEDE3BDC}.Release|Any CPU.ActiveCfg = Release|Any CPU
		{7E57DADF-3B82-401D-B640-9D90AEDE3BDC}.Release|Any CPU.Build.0 = Release|Any CPU
		{421295F4-BABF-48AC-A7FA-0D74A43B1DA6}.Debug|Any CPU.ActiveCfg = Debug|Any CPU
		{421295F4-BABF-48AC-A7FA-0D74A43B1DA6}.Debug|Any CPU.Build.0 = Debug|Any CPU
		{421295F4-BABF-48AC-A7FA-0D74A43B1DA6}.Release|Any CPU.ActiveCfg = Release|Any CPU
		{421295F4-BABF-48AC-A7FA-0D74A43B1DA6}.Release|Any CPU.Build.0 = Release|Any CPU
		{60AD4408-87C3-4DEB-A61D-0F3B3C3D40B8}.Debug|Any CPU.ActiveCfg = Debug|Any CPU
		{60AD4408-87C3-4DEB-A61D-0F3B3C3D40B8}.Debug|Any CPU.Build.0 = Debug|Any CPU
		{60AD4408-87C3-4DEB-A61D-0F3B3C3D40B8}.Release|Any CPU.ActiveCfg = Release|Any CPU
		{60AD4408-87C3-4DEB-A61D-0F3B3C3D40B8}.Release|Any CPU.Build.0 = Release|Any CPU
		{287A303B-7C78-4744-BE3E-DCABFF591752}.Debug|Any CPU.ActiveCfg = Debug|Any CPU
		{287A303B-7C78-4744-BE3E-DCABFF591752}.Debug|Any CPU.Build.0 = Debug|Any CPU
		{287A303B-7C78-4744-BE3E-DCABFF591752}.Release|Any CPU.ActiveCfg = Release|Any CPU
		{287A303B-7C78-4744-BE3E-DCABFF591752}.Release|Any CPU.Build.0 = Release|Any CPU
		{ED56F0E6-9A34-4E19-8CB0-58D4F2FFADBF}.Debug|Any CPU.ActiveCfg = Debug|Any CPU
		{ED56F0E6-9A34-4E19-8CB0-58D4F2FFADBF}.Debug|Any CPU.Build.0 = Debug|Any CPU
		{ED56F0E6-9A34-4E19-8CB0-58D4F2FFADBF}.Release|Any CPU.ActiveCfg = Release|Any CPU
		{ED56F0E6-9A34-4E19-8CB0-58D4F2FFADBF}.Release|Any CPU.Build.0 = Release|Any CPU
		{0CF321ED-97EF-4D94-9C38-8B61F2BC2836}.Debug|Any CPU.ActiveCfg = Debug|Any CPU
		{0CF321ED-97EF-4D94-9C38-8B61F2BC2836}.Debug|Any CPU.Build.0 = Debug|Any CPU
		{0CF321ED-97EF-4D94-9C38-8B61F2BC2836}.Release|Any CPU.ActiveCfg = Release|Any CPU
		{0CF321ED-97EF-4D94-9C38-8B61F2BC2836}.Release|Any CPU.Build.0 = Release|Any CPU
		{C90618FA-8932-4816-B172-EA354149615F}.Debug|Any CPU.ActiveCfg = Debug|Any CPU
		{C90618FA-8932-4816-B172-EA354149615F}.Debug|Any CPU.Build.0 = Debug|Any CPU
		{C90618FA-8932-4816-B172-EA354149615F}.Release|Any CPU.ActiveCfg = Release|Any CPU
		{C90618FA-8932-4816-B172-EA354149615F}.Release|Any CPU.Build.0 = Release|Any CPU
		{E73EEB5B-B92F-4B54-B50E-C6FF87E6B8ED}.Debug|Any CPU.ActiveCfg = Debug|Any CPU
		{E73EEB5B-B92F-4B54-B50E-C6FF87E6B8ED}.Debug|Any CPU.Build.0 = Debug|Any CPU
		{E73EEB5B-B92F-4B54-B50E-C6FF87E6B8ED}.Release|Any CPU.ActiveCfg = Release|Any CPU
		{E73EEB5B-B92F-4B54-B50E-C6FF87E6B8ED}.Release|Any CPU.Build.0 = Release|Any CPU
		{10E16031-A17A-463D-AE5E-E11B50756821}.Debug|Any CPU.ActiveCfg = Debug|Any CPU
		{10E16031-A17A-463D-AE5E-E11B50756821}.Debug|Any CPU.Build.0 = Debug|Any CPU
		{10E16031-A17A-463D-AE5E-E11B50756821}.Release|Any CPU.ActiveCfg = Release|Any CPU
		{10E16031-A17A-463D-AE5E-E11B50756821}.Release|Any CPU.Build.0 = Release|Any CPU
		{1E125B38-9FEC-4EFA-9CD6-C007F8579E0F}.Debug|Any CPU.ActiveCfg = Debug|Any CPU
		{1E125B38-9FEC-4EFA-9CD6-C007F8579E0F}.Debug|Any CPU.Build.0 = Debug|Any CPU
		{1E125B38-9FEC-4EFA-9CD6-C007F8579E0F}.Release|Any CPU.ActiveCfg = Release|Any CPU
		{1E125B38-9FEC-4EFA-9CD6-C007F8579E0F}.Release|Any CPU.Build.0 = Release|Any CPU
		{99AECAEE-B59A-450E-8165-5F5710228AFD}.Debug|Any CPU.ActiveCfg = Debug|Any CPU
		{99AECAEE-B59A-450E-8165-5F5710228AFD}.Debug|Any CPU.Build.0 = Debug|Any CPU
		{99AECAEE-B59A-450E-8165-5F5710228AFD}.Release|Any CPU.ActiveCfg = Release|Any CPU
		{99AECAEE-B59A-450E-8165-5F5710228AFD}.Release|Any CPU.Build.0 = Release|Any CPU
		{8F7BE540-DCC5-4339-BD46-6A1CCF7B35DC}.Debug|Any CPU.ActiveCfg = Debug|Any CPU
		{8F7BE540-DCC5-4339-BD46-6A1CCF7B35DC}.Debug|Any CPU.Build.0 = Debug|Any CPU
		{8F7BE540-DCC5-4339-BD46-6A1CCF7B35DC}.Release|Any CPU.ActiveCfg = Release|Any CPU
		{8F7BE540-DCC5-4339-BD46-6A1CCF7B35DC}.Release|Any CPU.Build.0 = Release|Any CPU
		{EB7193A1-D970-48B8-BEEC-E48A58DF4A88}.Debug|Any CPU.ActiveCfg = Debug|Any CPU
		{EB7193A1-D970-48B8-BEEC-E48A58DF4A88}.Debug|Any CPU.Build.0 = Debug|Any CPU
		{EB7193A1-D970-48B8-BEEC-E48A58DF4A88}.Release|Any CPU.ActiveCfg = Release|Any CPU
		{EB7193A1-D970-48B8-BEEC-E48A58DF4A88}.Release|Any CPU.Build.0 = Release|Any CPU
		{3325A532-9EFE-44D9-A814-E50BEC805135}.Debug|Any CPU.ActiveCfg = Debug|Any CPU
		{3325A532-9EFE-44D9-A814-E50BEC805135}.Debug|Any CPU.Build.0 = Debug|Any CPU
		{3325A532-9EFE-44D9-A814-E50BEC805135}.Release|Any CPU.ActiveCfg = Release|Any CPU
		{3325A532-9EFE-44D9-A814-E50BEC805135}.Release|Any CPU.Build.0 = Release|Any CPU
		{E7AF9D4A-AE01-4DC2-8194-DD323DF99206}.Debug|Any CPU.ActiveCfg = Debug|Any CPU
		{E7AF9D4A-AE01-4DC2-8194-DD323DF99206}.Debug|Any CPU.Build.0 = Debug|Any CPU
		{E7AF9D4A-AE01-4DC2-8194-DD323DF99206}.Release|Any CPU.ActiveCfg = Release|Any CPU
		{E7AF9D4A-AE01-4DC2-8194-DD323DF99206}.Release|Any CPU.Build.0 = Release|Any CPU
		{4A7CB9F5-817C-4B87-A7B9-D1CDBA278306}.Debug|Any CPU.ActiveCfg = Debug|Any CPU
		{4A7CB9F5-817C-4B87-A7B9-D1CDBA278306}.Debug|Any CPU.Build.0 = Debug|Any CPU
		{4A7CB9F5-817C-4B87-A7B9-D1CDBA278306}.Release|Any CPU.ActiveCfg = Release|Any CPU
		{4A7CB9F5-817C-4B87-A7B9-D1CDBA278306}.Release|Any CPU.Build.0 = Release|Any CPU
		{46E6DEC9-E0B7-4951-AA7B-AE5FF0758400}.Debug|Any CPU.ActiveCfg = Debug|Any CPU
		{46E6DEC9-E0B7-4951-AA7B-AE5FF0758400}.Debug|Any CPU.Build.0 = Debug|Any CPU
		{46E6DEC9-E0B7-4951-AA7B-AE5FF0758400}.Release|Any CPU.ActiveCfg = Release|Any CPU
		{46E6DEC9-E0B7-4951-AA7B-AE5FF0758400}.Release|Any CPU.Build.0 = Release|Any CPU
	EndGlobalSection
	GlobalSection(SolutionProperties) = preSolution
		HideSolutionNode = FALSE
	EndGlobalSection
	GlobalSection(NestedProjects) = preSolution
		{ADA6CCAB-4E47-45DB-87D1-CB823D6D4E35} = {5C34D5B1-04A2-4ADC-B033-AF606E71C9DC}
		{EC549FC6-9D4D-4979-BF49-9FF0B2E1D2FB} = {5C34D5B1-04A2-4ADC-B033-AF606E71C9DC}
		{A2E24A2A-E5DA-4F15-ACB0-BE9D7139E6A5} = {44E99C4B-9C50-423F-9953-3D314606ED7D}
		{249DE1E5-2E41-4110-AB5D-A9D1F6594B8E} = {44E99C4B-9C50-423F-9953-3D314606ED7D}
		{03C9DED7-1421-47DB-BB95-9B0167F03DB5} = {44E99C4B-9C50-423F-9953-3D314606ED7D}
		{A888E157-32BC-4B4A-AA74-9268F1D00C6E} = {44E99C4B-9C50-423F-9953-3D314606ED7D}
		{7E57DADF-3B82-401D-B640-9D90AEDE3BDC} = {44E99C4B-9C50-423F-9953-3D314606ED7D}
		{421295F4-BABF-48AC-A7FA-0D74A43B1DA6} = {44E99C4B-9C50-423F-9953-3D314606ED7D}
		{60AD4408-87C3-4DEB-A61D-0F3B3C3D40B8} = {44E99C4B-9C50-423F-9953-3D314606ED7D}
		{287A303B-7C78-4744-BE3E-DCABFF591752} = {44E99C4B-9C50-423F-9953-3D314606ED7D}
		{ED56F0E6-9A34-4E19-8CB0-58D4F2FFADBF} = {44E99C4B-9C50-423F-9953-3D314606ED7D}
		{0CF321ED-97EF-4D94-9C38-8B61F2BC2836} = {44E99C4B-9C50-423F-9953-3D314606ED7D}
		{C90618FA-8932-4816-B172-EA354149615F} = {44E99C4B-9C50-423F-9953-3D314606ED7D}
		{E73EEB5B-B92F-4B54-B50E-C6FF87E6B8ED} = {44E99C4B-9C50-423F-9953-3D314606ED7D}
		{10E16031-A17A-463D-AE5E-E11B50756821} = {44E99C4B-9C50-423F-9953-3D314606ED7D}
		{1E125B38-9FEC-4EFA-9CD6-C007F8579E0F} = {44E99C4B-9C50-423F-9953-3D314606ED7D}
		{99AECAEE-B59A-450E-8165-5F5710228AFD} = {44E99C4B-9C50-423F-9953-3D314606ED7D}
		{8F7BE540-DCC5-4339-BD46-6A1CCF7B35DC} = {44E99C4B-9C50-423F-9953-3D314606ED7D}
	EndGlobalSection
	GlobalSection(ExtensibilityGlobals) = postSolution
		SolutionGuid = {1342B270-1364-4E5B-BB8B-2D1D961DB2C5}
	EndGlobalSection
EndGlobal
