
Microsoft Visual Studio Solution File, Format Version 12.00
# Visual Studio Version 16
VisualStudioVersion = 16.0.31129.286
MinimumVisualStudioVersion = 10.0.40219.1
Project("{9A19103F-16F7-4668-BE54-9A1E7A4F7556}") = "AntlrJson", "AntlrJson\AntlrJson.csproj", "{3CFDC502-53C4-4112-A4F1-026B52EAF492}"
EndProject
Project("{9A19103F-16F7-4668-BE54-9A1E7A4F7556}") = "trxml2", "trxml2\trxml2.csproj", "{1E2EADF3-8846-441A-9D71-B329EE06BCC4}"
EndProject
Project("{9A19103F-16F7-4668-BE54-9A1E7A4F7556}") = "trgen", "trgen\trgen.csproj", "{B704AB40-2FBC-4808-A728-D8F614321112}"
EndProject
Project("{9A19103F-16F7-4668-BE54-9A1E7A4F7556}") = "trparse", "trparse\trparse.csproj", "{2BDE06C4-3A46-4DD0-A207-94DC28413D48}"
EndProject
Project("{9A19103F-16F7-4668-BE54-9A1E7A4F7556}") = "trtree", "trtree\trtree.csproj", "{8F4EB85A-DDDE-4EFD-A90D-40BAB5EE2110}"
EndProject
Project("{9A19103F-16F7-4668-BE54-9A1E7A4F7556}") = "trtext", "trtext\trtext.csproj", "{35315780-A2B9-46DC-A19F-8F479A52FA0F}"
EndProject
Project("{9A19103F-16F7-4668-BE54-9A1E7A4F7556}") = "trst", "trst\trst.csproj", "{215AA501-DF63-42D6-B5F3-964365B591B9}"
EndProject
Project("{9A19103F-16F7-4668-BE54-9A1E7A4F7556}") = "trxml", "trxml\trxml.csproj", "{24D91B9C-5107-4847-BA52-C46ED91B4222}"
EndProject
Project("{9A19103F-16F7-4668-BE54-9A1E7A4F7556}") = "trprint", "trprint\trprint.csproj", "{ED656F97-2049-43F3-BB84-47E64068788F}"
EndProject
Project("{9A19103F-16F7-4668-BE54-9A1E7A4F7556}") = "trjson", "trjson\trjson.csproj", "{44488488-568F-4E0F-A721-BA0B9A15FF3F}"
EndProject
Project("{9A19103F-16F7-4668-BE54-9A1E7A4F7556}") = "trtokens", "trtokens\trtokens.csproj", "{DA50A003-3FEA-4155-85D0-E5AAFD1B1895}"
EndProject
Project("{9A19103F-16F7-4668-BE54-9A1E7A4F7556}") = "trxgrep", "trxgrep\trxgrep.csproj", "{6B8D3D4B-2014-4A6E-B7A9-95AEB8F668A3}"
EndProject
Project("{9A19103F-16F7-4668-BE54-9A1E7A4F7556}") = "trstrip", "trstrip\trstrip.csproj", "{6946E15D-8A2A-48C6-ADC4-B5F2ABC17065}"
EndProject
Project("{9A19103F-16F7-4668-BE54-9A1E7A4F7556}") = "Docs", "Docs\Docs.csproj", "{D9E29308-8162-4806-85C1-7808D41A3F27}"
EndProject
Project("{9A19103F-16F7-4668-BE54-9A1E7A4F7556}") = "trkleene", "trkleene\trkleene.csproj", "{5257C48E-6465-4458-B3D6-E5E28FB50674}"
EndProject
Project("{9A19103F-16F7-4668-BE54-9A1E7A4F7556}") = "trfold", "trfold\trfold.csproj", "{5F6937C0-CEC8-4B29-8690-097FA6FB465A}"
EndProject
Project("{9A19103F-16F7-4668-BE54-9A1E7A4F7556}") = "trgroup", "trgroup\trgroup.csproj", "{E3A8943B-55F9-44BD-9162-B2F095FDCE99}"
EndProject
Project("{9A19103F-16F7-4668-BE54-9A1E7A4F7556}") = "trunfold", "trunfold\trunfold.csproj", "{4F4EB251-2A3D-423B-A62C-979D5E0255D0}"
EndProject
Project("{9A19103F-16F7-4668-BE54-9A1E7A4F7556}") = "trungroup", "trungroup\trungroup.csproj", "{FC9E166F-20C6-4A38-A605-2ED85C33D894}"
EndProject
Project("{9A19103F-16F7-4668-BE54-9A1E7A4F7556}") = "trfoldlit", "trfoldlit\trfoldlit.csproj", "{2A9DA02F-24D1-406D-9BB7-F03B5A209A3E}"
EndProject
Project("{9A19103F-16F7-4668-BE54-9A1E7A4F7556}") = "trdelete", "trdelete\trdelete.csproj", "{23034F3C-4445-4F84-A016-5680623E722E}"
EndProject
Project("{9A19103F-16F7-4668-BE54-9A1E7A4F7556}") = "trrename", "trrename\trrename.csproj", "{662B1475-ED9E-47F2-913A-06D117700FA7}"
EndProject
Project("{9A19103F-16F7-4668-BE54-9A1E7A4F7556}") = "trconvert", "trconvert\trconvert.csproj", "{0FB7A65D-868B-4625-BD57-90CE5FE7A99C}"
EndProject
Global
	GlobalSection(SolutionConfigurationPlatforms) = preSolution
		Debug|Any CPU = Debug|Any CPU
		Release|Any CPU = Release|Any CPU
	EndGlobalSection
	GlobalSection(ProjectConfigurationPlatforms) = postSolution
		{3CFDC502-53C4-4112-A4F1-026B52EAF492}.Debug|Any CPU.ActiveCfg = Debug|Any CPU
		{3CFDC502-53C4-4112-A4F1-026B52EAF492}.Debug|Any CPU.Build.0 = Debug|Any CPU
		{3CFDC502-53C4-4112-A4F1-026B52EAF492}.Release|Any CPU.ActiveCfg = Release|Any CPU
		{3CFDC502-53C4-4112-A4F1-026B52EAF492}.Release|Any CPU.Build.0 = Release|Any CPU
		{1E2EADF3-8846-441A-9D71-B329EE06BCC4}.Debug|Any CPU.ActiveCfg = Debug|Any CPU
		{1E2EADF3-8846-441A-9D71-B329EE06BCC4}.Debug|Any CPU.Build.0 = Debug|Any CPU
		{1E2EADF3-8846-441A-9D71-B329EE06BCC4}.Release|Any CPU.ActiveCfg = Release|Any CPU
		{1E2EADF3-8846-441A-9D71-B329EE06BCC4}.Release|Any CPU.Build.0 = Release|Any CPU
		{B704AB40-2FBC-4808-A728-D8F614321112}.Debug|Any CPU.ActiveCfg = Debug|Any CPU
		{B704AB40-2FBC-4808-A728-D8F614321112}.Debug|Any CPU.Build.0 = Debug|Any CPU
		{B704AB40-2FBC-4808-A728-D8F614321112}.Release|Any CPU.ActiveCfg = Release|Any CPU
		{B704AB40-2FBC-4808-A728-D8F614321112}.Release|Any CPU.Build.0 = Release|Any CPU
		{2BDE06C4-3A46-4DD0-A207-94DC28413D48}.Debug|Any CPU.ActiveCfg = Debug|Any CPU
		{2BDE06C4-3A46-4DD0-A207-94DC28413D48}.Debug|Any CPU.Build.0 = Debug|Any CPU
		{2BDE06C4-3A46-4DD0-A207-94DC28413D48}.Release|Any CPU.ActiveCfg = Release|Any CPU
		{2BDE06C4-3A46-4DD0-A207-94DC28413D48}.Release|Any CPU.Build.0 = Release|Any CPU
		{8F4EB85A-DDDE-4EFD-A90D-40BAB5EE2110}.Debug|Any CPU.ActiveCfg = Debug|Any CPU
		{8F4EB85A-DDDE-4EFD-A90D-40BAB5EE2110}.Debug|Any CPU.Build.0 = Debug|Any CPU
		{8F4EB85A-DDDE-4EFD-A90D-40BAB5EE2110}.Release|Any CPU.ActiveCfg = Release|Any CPU
		{8F4EB85A-DDDE-4EFD-A90D-40BAB5EE2110}.Release|Any CPU.Build.0 = Release|Any CPU
		{35315780-A2B9-46DC-A19F-8F479A52FA0F}.Debug|Any CPU.ActiveCfg = Debug|Any CPU
		{35315780-A2B9-46DC-A19F-8F479A52FA0F}.Debug|Any CPU.Build.0 = Debug|Any CPU
		{35315780-A2B9-46DC-A19F-8F479A52FA0F}.Release|Any CPU.ActiveCfg = Release|Any CPU
		{35315780-A2B9-46DC-A19F-8F479A52FA0F}.Release|Any CPU.Build.0 = Release|Any CPU
		{215AA501-DF63-42D6-B5F3-964365B591B9}.Debug|Any CPU.ActiveCfg = Debug|Any CPU
		{215AA501-DF63-42D6-B5F3-964365B591B9}.Debug|Any CPU.Build.0 = Debug|Any CPU
		{215AA501-DF63-42D6-B5F3-964365B591B9}.Release|Any CPU.ActiveCfg = Release|Any CPU
		{215AA501-DF63-42D6-B5F3-964365B591B9}.Release|Any CPU.Build.0 = Release|Any CPU
		{24D91B9C-5107-4847-BA52-C46ED91B4222}.Debug|Any CPU.ActiveCfg = Debug|Any CPU
		{24D91B9C-5107-4847-BA52-C46ED91B4222}.Debug|Any CPU.Build.0 = Debug|Any CPU
		{24D91B9C-5107-4847-BA52-C46ED91B4222}.Release|Any CPU.ActiveCfg = Release|Any CPU
		{24D91B9C-5107-4847-BA52-C46ED91B4222}.Release|Any CPU.Build.0 = Release|Any CPU
		{ED656F97-2049-43F3-BB84-47E64068788F}.Debug|Any CPU.ActiveCfg = Debug|Any CPU
		{ED656F97-2049-43F3-BB84-47E64068788F}.Debug|Any CPU.Build.0 = Debug|Any CPU
		{ED656F97-2049-43F3-BB84-47E64068788F}.Release|Any CPU.ActiveCfg = Release|Any CPU
		{ED656F97-2049-43F3-BB84-47E64068788F}.Release|Any CPU.Build.0 = Release|Any CPU
		{44488488-568F-4E0F-A721-BA0B9A15FF3F}.Debug|Any CPU.ActiveCfg = Debug|Any CPU
		{44488488-568F-4E0F-A721-BA0B9A15FF3F}.Debug|Any CPU.Build.0 = Debug|Any CPU
		{44488488-568F-4E0F-A721-BA0B9A15FF3F}.Release|Any CPU.ActiveCfg = Release|Any CPU
		{44488488-568F-4E0F-A721-BA0B9A15FF3F}.Release|Any CPU.Build.0 = Release|Any CPU
		{DA50A003-3FEA-4155-85D0-E5AAFD1B1895}.Debug|Any CPU.ActiveCfg = Debug|Any CPU
		{DA50A003-3FEA-4155-85D0-E5AAFD1B1895}.Debug|Any CPU.Build.0 = Debug|Any CPU
		{DA50A003-3FEA-4155-85D0-E5AAFD1B1895}.Release|Any CPU.ActiveCfg = Release|Any CPU
		{DA50A003-3FEA-4155-85D0-E5AAFD1B1895}.Release|Any CPU.Build.0 = Release|Any CPU
		{6B8D3D4B-2014-4A6E-B7A9-95AEB8F668A3}.Debug|Any CPU.ActiveCfg = Debug|Any CPU
		{6B8D3D4B-2014-4A6E-B7A9-95AEB8F668A3}.Debug|Any CPU.Build.0 = Debug|Any CPU
		{6B8D3D4B-2014-4A6E-B7A9-95AEB8F668A3}.Release|Any CPU.ActiveCfg = Release|Any CPU
		{6B8D3D4B-2014-4A6E-B7A9-95AEB8F668A3}.Release|Any CPU.Build.0 = Release|Any CPU
		{6946E15D-8A2A-48C6-ADC4-B5F2ABC17065}.Debug|Any CPU.ActiveCfg = Debug|Any CPU
		{6946E15D-8A2A-48C6-ADC4-B5F2ABC17065}.Debug|Any CPU.Build.0 = Debug|Any CPU
		{6946E15D-8A2A-48C6-ADC4-B5F2ABC17065}.Release|Any CPU.ActiveCfg = Release|Any CPU
		{6946E15D-8A2A-48C6-ADC4-B5F2ABC17065}.Release|Any CPU.Build.0 = Release|Any CPU
		{D9E29308-8162-4806-85C1-7808D41A3F27}.Debug|Any CPU.ActiveCfg = Debug|Any CPU
		{D9E29308-8162-4806-85C1-7808D41A3F27}.Debug|Any CPU.Build.0 = Debug|Any CPU
		{D9E29308-8162-4806-85C1-7808D41A3F27}.Release|Any CPU.ActiveCfg = Release|Any CPU
		{D9E29308-8162-4806-85C1-7808D41A3F27}.Release|Any CPU.Build.0 = Release|Any CPU
		{5257C48E-6465-4458-B3D6-E5E28FB50674}.Debug|Any CPU.ActiveCfg = Debug|Any CPU
		{5257C48E-6465-4458-B3D6-E5E28FB50674}.Debug|Any CPU.Build.0 = Debug|Any CPU
		{5257C48E-6465-4458-B3D6-E5E28FB50674}.Release|Any CPU.ActiveCfg = Release|Any CPU
		{5257C48E-6465-4458-B3D6-E5E28FB50674}.Release|Any CPU.Build.0 = Release|Any CPU
		{5F6937C0-CEC8-4B29-8690-097FA6FB465A}.Debug|Any CPU.ActiveCfg = Debug|Any CPU
		{5F6937C0-CEC8-4B29-8690-097FA6FB465A}.Debug|Any CPU.Build.0 = Debug|Any CPU
		{5F6937C0-CEC8-4B29-8690-097FA6FB465A}.Release|Any CPU.ActiveCfg = Release|Any CPU
		{5F6937C0-CEC8-4B29-8690-097FA6FB465A}.Release|Any CPU.Build.0 = Release|Any CPU
		{E3A8943B-55F9-44BD-9162-B2F095FDCE99}.Debug|Any CPU.ActiveCfg = Debug|Any CPU
		{E3A8943B-55F9-44BD-9162-B2F095FDCE99}.Debug|Any CPU.Build.0 = Debug|Any CPU
		{E3A8943B-55F9-44BD-9162-B2F095FDCE99}.Release|Any CPU.ActiveCfg = Release|Any CPU
		{E3A8943B-55F9-44BD-9162-B2F095FDCE99}.Release|Any CPU.Build.0 = Release|Any CPU
		{4F4EB251-2A3D-423B-A62C-979D5E0255D0}.Debug|Any CPU.ActiveCfg = Debug|Any CPU
		{4F4EB251-2A3D-423B-A62C-979D5E0255D0}.Debug|Any CPU.Build.0 = Debug|Any CPU
		{4F4EB251-2A3D-423B-A62C-979D5E0255D0}.Release|Any CPU.ActiveCfg = Release|Any CPU
		{4F4EB251-2A3D-423B-A62C-979D5E0255D0}.Release|Any CPU.Build.0 = Release|Any CPU
		{FC9E166F-20C6-4A38-A605-2ED85C33D894}.Debug|Any CPU.ActiveCfg = Debug|Any CPU
		{FC9E166F-20C6-4A38-A605-2ED85C33D894}.Debug|Any CPU.Build.0 = Debug|Any CPU
		{FC9E166F-20C6-4A38-A605-2ED85C33D894}.Release|Any CPU.ActiveCfg = Release|Any CPU
		{FC9E166F-20C6-4A38-A605-2ED85C33D894}.Release|Any CPU.Build.0 = Release|Any CPU
		{2A9DA02F-24D1-406D-9BB7-F03B5A209A3E}.Debug|Any CPU.ActiveCfg = Debug|Any CPU
		{2A9DA02F-24D1-406D-9BB7-F03B5A209A3E}.Debug|Any CPU.Build.0 = Debug|Any CPU
		{2A9DA02F-24D1-406D-9BB7-F03B5A209A3E}.Release|Any CPU.ActiveCfg = Release|Any CPU
		{2A9DA02F-24D1-406D-9BB7-F03B5A209A3E}.Release|Any CPU.Build.0 = Release|Any CPU
		{23034F3C-4445-4F84-A016-5680623E722E}.Debug|Any CPU.ActiveCfg = Debug|Any CPU
		{23034F3C-4445-4F84-A016-5680623E722E}.Debug|Any CPU.Build.0 = Debug|Any CPU
		{23034F3C-4445-4F84-A016-5680623E722E}.Release|Any CPU.ActiveCfg = Release|Any CPU
		{23034F3C-4445-4F84-A016-5680623E722E}.Release|Any CPU.Build.0 = Release|Any CPU
		{662B1475-ED9E-47F2-913A-06D117700FA7}.Debug|Any CPU.ActiveCfg = Debug|Any CPU
		{662B1475-ED9E-47F2-913A-06D117700FA7}.Debug|Any CPU.Build.0 = Debug|Any CPU
		{662B1475-ED9E-47F2-913A-06D117700FA7}.Release|Any CPU.ActiveCfg = Release|Any CPU
		{662B1475-ED9E-47F2-913A-06D117700FA7}.Release|Any CPU.Build.0 = Release|Any CPU
		{0FB7A65D-868B-4625-BD57-90CE5FE7A99C}.Debug|Any CPU.ActiveCfg = Debug|Any CPU
		{0FB7A65D-868B-4625-BD57-90CE5FE7A99C}.Debug|Any CPU.Build.0 = Debug|Any CPU
		{0FB7A65D-868B-4625-BD57-90CE5FE7A99C}.Release|Any CPU.ActiveCfg = Release|Any CPU
		{0FB7A65D-868B-4625-BD57-90CE5FE7A99C}.Release|Any CPU.Build.0 = Release|Any CPU
	EndGlobalSection
	GlobalSection(SolutionProperties) = preSolution
		HideSolutionNode = FALSE
	EndGlobalSection
	GlobalSection(ExtensibilityGlobals) = postSolution
		SolutionGuid = {1342B270-1364-4E5B-BB8B-2D1D961DB2C5}
	EndGlobalSection
EndGlobal
