
Microsoft Visual Studio Solution File, Format Version 12.00
# Visual Studio Version 17
VisualStudioVersion = 17.9.34607.119
MinimumVisualStudioVersion = 10.0.40219.1
Project("{9A19103F-16F7-4668-BE54-9A1E7A4F7556}") = "LspServer", "LspServer.csproj", "{63E3D721-28BF-4C2F-9FCB-9EABF39AB71A}"
EndProject
Project("{9A19103F-16F7-4668-BE54-9A1E7A4F7556}") = "Logger", "..\Logger\Logger.csproj", "{475846B3-5A89-4167-ADFD-82DDD2B451E4}"
EndProject
Project("{9A19103F-16F7-4668-BE54-9A1E7A4F7556}") = "LspHelpers", "..\LspHelpers\LspHelpers.csproj", "{7779B9C6-3D7E-4015-9EA9-1A6A6810CB05}"
EndProject
Project("{9A19103F-16F7-4668-BE54-9A1E7A4F7556}") = "ParseTreeEditing", "..\ParseTreeEditing\ParseTreeEditing.csproj", "{76BD5A39-855F-472F-881E-CF4FA47DE0D5}"
EndProject
Project("{9A19103F-16F7-4668-BE54-9A1E7A4F7556}") = "Workspaces", "..\Workspaces\Workspaces.csproj", "{141BED20-D2A0-4986-9AC2-DC97F96EF6A1}"
EndProject
Global
	GlobalSection(SolutionConfigurationPlatforms) = preSolution
		Debug|Any CPU = Debug|Any CPU
		Release|Any CPU = Release|Any CPU
	EndGlobalSection
	GlobalSection(ProjectConfigurationPlatforms) = postSolution
		{63E3D721-28BF-4C2F-9FCB-9EABF39AB71A}.Debug|Any CPU.ActiveCfg = Debug|Any CPU
		{63E3D721-28BF-4C2F-9FCB-9EABF39AB71A}.Debug|Any CPU.Build.0 = Debug|Any CPU
		{63E3D721-28BF-4C2F-9FCB-9EABF39AB71A}.Release|Any CPU.ActiveCfg = Release|Any CPU
		{63E3D721-28BF-4C2F-9FCB-9EABF39AB71A}.Release|Any CPU.Build.0 = Release|Any CPU
		{475846B3-5A89-4167-ADFD-82DDD2B451E4}.Debug|Any CPU.ActiveCfg = Debug|Any CPU
		{475846B3-5A89-4167-ADFD-82DDD2B451E4}.Debug|Any CPU.Build.0 = Debug|Any CPU
		{475846B3-5A89-4167-ADFD-82DDD2B451E4}.Release|Any CPU.ActiveCfg = Release|Any CPU
		{475846B3-5A89-4167-ADFD-82DDD2B451E4}.Release|Any CPU.Build.0 = Release|Any CPU
		{7779B9C6-3D7E-4015-9EA9-1A6A6810CB05}.Debug|Any CPU.ActiveCfg = Debug|Any CPU
		{7779B9C6-3D7E-4015-9EA9-1A6A6810CB05}.Debug|Any CPU.Build.0 = Debug|Any CPU
		{7779B9C6-3D7E-4015-9EA9-1A6A6810CB05}.Release|Any CPU.ActiveCfg = Release|Any CPU
		{7779B9C6-3D7E-4015-9EA9-1A6A6810CB05}.Release|Any CPU.Build.0 = Release|Any CPU
		{76BD5A39-855F-472F-881E-CF4FA47DE0D5}.Debug|Any CPU.ActiveCfg = Debug|Any CPU
		{76BD5A39-855F-472F-881E-CF4FA47DE0D5}.Debug|Any CPU.Build.0 = Debug|Any CPU
		{76BD5A39-855F-472F-881E-CF4FA47DE0D5}.Release|Any CPU.ActiveCfg = Release|Any CPU
		{76BD5A39-855F-472F-881E-CF4FA47DE0D5}.Release|Any CPU.Build.0 = Release|Any CPU
		{141BED20-D2A0-4986-9AC2-DC97F96EF6A1}.Debug|Any CPU.ActiveCfg = Debug|Any CPU
		{141BED20-D2A0-4986-9AC2-DC97F96EF6A1}.Debug|Any CPU.Build.0 = Debug|Any CPU
		{141BED20-D2A0-4986-9AC2-DC97F96EF6A1}.Release|Any CPU.ActiveCfg = Release|Any CPU
		{141BED20-D2A0-4986-9AC2-DC97F96EF6A1}.Release|Any CPU.Build.0 = Release|Any CPU
	EndGlobalSection
	GlobalSection(SolutionProperties) = preSolution
		HideSolutionNode = FALSE
	EndGlobalSection
	GlobalSection(ExtensibilityGlobals) = postSolution
		SolutionGuid = {4394CE38-6062-49D3-ACCE-1028EA607A86}
	EndGlobalSection
EndGlobal
